
Microsoft Visual Studio Solution File, Format Version 12.00
# Visual Studio Version 17
VisualStudioVersion = 17.4.33213.308
MinimumVisualStudioVersion = 10.0.40219.1
Project("{FAE04EC0-301F-11D3-BF4B-00C04F79EFBC}") = "Class_Assignment", "Class_Assignment.csproj", "{EDF89FCF-71F7-4E59-AC1D-CCFB120D3ABC}"
EndProject
Global
	GlobalSection(SolutionConfigurationPlatforms) = preSolution
		Debug|Any CPU = Debug|Any CPU
		Release|Any CPU = Release|Any CPU
	EndGlobalSection
	GlobalSection(ProjectConfigurationPlatforms) = postSolution
		{EDF89FCF-71F7-4E59-AC1D-CCFB120D3ABC}.Debug|Any CPU.ActiveCfg = Debug|Any CPU
		{EDF89FCF-71F7-4E59-AC1D-CCFB120D3ABC}.Debug|Any CPU.Build.0 = Debug|Any CPU
		{EDF89FCF-71F7-4E59-AC1D-CCFB120D3ABC}.Release|Any CPU.ActiveCfg = Release|Any CPU
		{EDF89FCF-71F7-4E59-AC1D-CCFB120D3ABC}.Release|Any CPU.Build.0 = Release|Any CPU
	EndGlobalSection
	GlobalSection(SolutionProperties) = preSolution
		HideSolutionNode = FALSE
	EndGlobalSection
	GlobalSection(ExtensibilityGlobals) = postSolution
		SolutionGuid = {8F3E52EB-C56A-4527-BDC1-E88E741906E3}
	EndGlobalSection
EndGlobal
